{
  "name": "nodejs",
  "version": "1.0.0",
  "lockfileVersion": 2,
  "requires": true,
  "packages": {
    "": {
      "name": "nodejs",
      "version": "1.0.0",
      "license": "ISC",
      "dependencies": {
        "dbf-parser": "^0.0.1",
        "node-dbf": "^0.4.0"
      }
    },
    "node_modules/commander": {
      "version": "2.20.3",
      "resolved": "https://registry.npmjs.org/commander/-/commander-2.20.3.tgz",
      "integrity": "sha512-GpVkmM8vF2vQUkj2LvZmD35JxeJOLCwJ9cUkugyk2nuhbv3+mJvpLYYt+0+USMxE+oj+ey/lJEnhZw75x/OMcQ=="
    },
    "node_modules/dbf-parser": {
      "version": "0.0.1",
      "resolved": "https://registry.npmjs.org/dbf-parser/-/dbf-parser-0.0.1.tgz",
      "integrity": "sha1-Je/WrhdGq5tHQvM1XF1v1mBu3Ek="
    },
    "node_modules/node-dbf": {
      "version": "0.4.0",
      "resolved": "https://registry.npmjs.org/node-dbf/-/node-dbf-0.4.0.tgz",
      "integrity": "sha512-i8cn3Gy+pmNjV9G6uH/ZSqzXqToR7Zy3N+7VxnvT6d7umlN7ybn7T1fGd1q/icWo4HKR6inNKqN9hII5wzECdA==",
      "dependencies": {
        "commander": "^2.9.0"
      },
      "bin": {
        "node-dbf": "bin/node-dbf.js"
      },
      "engines": {
        "node": ">=7"
      }
    }
  },
  "dependencies": {
    "commander": {
      "version": "2.20.3",
      "resolved": "https://registry.npmjs.org/commander/-/commander-2.20.3.tgz",
      "integrity": "sha512-GpVkmM8vF2vQUkj2LvZmD35JxeJOLCwJ9cUkugyk2nuhbv3+mJvpLYYt+0+USMxE+oj+ey/lJEnhZw75x/OMcQ=="
    },
    "dbf-parser": {
      "version": "0.0.1",
      "resolved": "https://registry.npmjs.org/dbf-parser/-/dbf-parser-0.0.1.tgz",
      "integrity": "sha1-Je/WrhdGq5tHQvM1XF1v1mBu3Ek="
    },
    "node-dbf": {
      "version": "0.4.0",
      "resolved": "https://registry.npmjs.org/node-dbf/-/node-dbf-0.4.0.tgz",
      "integrity": "sha512-i8cn3Gy+pmNjV9G6uH/ZSqzXqToR7Zy3N+7VxnvT6d7umlN7ybn7T1fGd1q/icWo4HKR6inNKqN9hII5wzECdA==",
      "requires": {
        "commander": "^2.9.0"
      }
    }
  }
}
